
Microsoft Visual Studio Solution File, Format Version 12.00
# Visual Studio Version 16
VisualStudioVersion = 16.0.31729.503
MinimumVisualStudioVersion = 10.0.40219.1
Project("{FAE04EC0-301F-11D3-BF4B-00C04F79EFBC}") = "Heirarchical Inheritance", "Heirarchical Inheritance.csproj", "{67A86FE5-1B9B-4158-A381-F11358CB1DF5}"
EndProject
Global
	GlobalSection(SolutionConfigurationPlatforms) = preSolution
		Debug|Any CPU = Debug|Any CPU
		Release|Any CPU = Release|Any CPU
	EndGlobalSection
	GlobalSection(ProjectConfigurationPlatforms) = postSolution
		{67A86FE5-1B9B-4158-A381-F11358CB1DF5}.Debug|Any CPU.ActiveCfg = Debug|Any CPU
		{67A86FE5-1B9B-4158-A381-F11358CB1DF5}.Debug|Any CPU.Build.0 = Debug|Any CPU
		{67A86FE5-1B9B-4158-A381-F11358CB1DF5}.Release|Any CPU.ActiveCfg = Release|Any CPU
		{67A86FE5-1B9B-4158-A381-F11358CB1DF5}.Release|Any CPU.Build.0 = Release|Any CPU
	EndGlobalSection
	GlobalSection(SolutionProperties) = preSolution
		HideSolutionNode = FALSE
	EndGlobalSection
	GlobalSection(ExtensibilityGlobals) = postSolution
		SolutionGuid = {7ABE1B39-0DC3-4F5D-94C8-7880F3FE391F}
	EndGlobalSection
EndGlobal
